
Microsoft Visual Studio Solution File, Format Version 12.00
# Visual Studio Version 16
VisualStudioVersion = 16.0.33423.256
MinimumVisualStudioVersion = 10.0.40219.1
Project("{FAE04EC0-301F-11D3-BF4B-00C04F79EFBC}") = "latihanquiz1", "latihanquiz1\latihanquiz1.csproj", "{4B918844-22A2-45CC-A250-D292324D9D90}"
EndProject
Global
	GlobalSection(SolutionConfigurationPlatforms) = preSolution
		Debug|Any CPU = Debug|Any CPU
		Release|Any CPU = Release|Any CPU
	EndGlobalSection
	GlobalSection(ProjectConfigurationPlatforms) = postSolution
		{4B918844-22A2-45CC-A250-D292324D9D90}.Debug|Any CPU.ActiveCfg = Debug|Any CPU
		{4B918844-22A2-45CC-A250-D292324D9D90}.Debug|Any CPU.Build.0 = Debug|Any CPU
		{4B918844-22A2-45CC-A250-D292324D9D90}.Release|Any CPU.ActiveCfg = Release|Any CPU
		{4B918844-22A2-45CC-A250-D292324D9D90}.Release|Any CPU.Build.0 = Release|Any CPU
	EndGlobalSection
	GlobalSection(SolutionProperties) = preSolution
		HideSolutionNode = FALSE
	EndGlobalSection
	GlobalSection(ExtensibilityGlobals) = postSolution
		SolutionGuid = {AD2C0EF6-FD0C-40E7-828A-DF848B5A2A7E}
	EndGlobalSection
EndGlobal
